
Microsoft Visual Studio Solution File, Format Version 12.00
# Visual Studio 15
VisualStudioVersion = 15.0.27703.2035
MinimumVisualStudioVersion = 10.0.40219.1
Project("{FAE04EC0-301F-11D3-BF4B-00C04F79EFBC}") = "chinook_lib_netstandard_ef", "chinook_lib_netstandard_ef\chinook_lib_netstandard_ef.csproj", "{CF2E17DA-71BD-412E-81C2-E38B81558C6E}"
EndProject
Project("{FAE04EC0-301F-11D3-BF4B-00C04F79EFBC}") = "uwp_client", "uwp_client\uwp_client.csproj", "{2A518631-5A16-474F-9BF5-4498E51DC377}"
EndProject
Global
	GlobalSection(SolutionConfigurationPlatforms) = preSolution
		Debug|Any CPU = Debug|Any CPU
		Debug|ARM = Debug|ARM
		Debug|x64 = Debug|x64
		Debug|x86 = Debug|x86
		Release|Any CPU = Release|Any CPU
		Release|ARM = Release|ARM
		Release|x64 = Release|x64
		Release|x86 = Release|x86
	EndGlobalSection
	GlobalSection(ProjectConfigurationPlatforms) = postSolution
		{CF2E17DA-71BD-412E-81C2-E38B81558C6E}.Debug|Any CPU.ActiveCfg = Debug|Any CPU
		{CF2E17DA-71BD-412E-81C2-E38B81558C6E}.Debug|Any CPU.Build.0 = Debug|Any CPU
		{CF2E17DA-71BD-412E-81C2-E38B81558C6E}.Debug|ARM.ActiveCfg = Debug|Any CPU
		{CF2E17DA-71BD-412E-81C2-E38B81558C6E}.Debug|ARM.Build.0 = Debug|Any CPU
		{CF2E17DA-71BD-412E-81C2-E38B81558C6E}.Debug|x64.ActiveCfg = Debug|Any CPU
		{CF2E17DA-71BD-412E-81C2-E38B81558C6E}.Debug|x64.Build.0 = Debug|Any CPU
		{CF2E17DA-71BD-412E-81C2-E38B81558C6E}.Debug|x86.ActiveCfg = Debug|Any CPU
		{CF2E17DA-71BD-412E-81C2-E38B81558C6E}.Debug|x86.Build.0 = Debug|Any CPU
		{CF2E17DA-71BD-412E-81C2-E38B81558C6E}.Release|Any CPU.ActiveCfg = Release|Any CPU
		{CF2E17DA-71BD-412E-81C2-E38B81558C6E}.Release|Any CPU.Build.0 = Release|Any CPU
		{CF2E17DA-71BD-412E-81C2-E38B81558C6E}.Release|ARM.ActiveCfg = Release|Any CPU
		{CF2E17DA-71BD-412E-81C2-E38B81558C6E}.Release|ARM.Build.0 = Release|Any CPU
		{CF2E17DA-71BD-412E-81C2-E38B81558C6E}.Release|x64.ActiveCfg = Release|Any CPU
		{CF2E17DA-71BD-412E-81C2-E38B81558C6E}.Release|x64.Build.0 = Release|Any CPU
		{CF2E17DA-71BD-412E-81C2-E38B81558C6E}.Release|x86.ActiveCfg = Release|Any CPU
		{CF2E17DA-71BD-412E-81C2-E38B81558C6E}.Release|x86.Build.0 = Release|Any CPU
		{2A518631-5A16-474F-9BF5-4498E51DC377}.Debug|Any CPU.ActiveCfg = Debug|x86
		{2A518631-5A16-474F-9BF5-4498E51DC377}.Debug|ARM.ActiveCfg = Debug|ARM
		{2A518631-5A16-474F-9BF5-4498E51DC377}.Debug|ARM.Build.0 = Debug|ARM
		{2A518631-5A16-474F-9BF5-4498E51DC377}.Debug|ARM.Deploy.0 = Debug|ARM
		{2A518631-5A16-474F-9BF5-4498E51DC377}.Debug|x64.ActiveCfg = Debug|x64
		{2A518631-5A16-474F-9BF5-4498E51DC377}.Debug|x64.Build.0 = Debug|x64
		{2A518631-5A16-474F-9BF5-4498E51DC377}.Debug|x64.Deploy.0 = Debug|x64
		{2A518631-5A16-474F-9BF5-4498E51DC377}.Debug|x86.ActiveCfg = Debug|x86
		{2A518631-5A16-474F-9BF5-4498E51DC377}.Debug|x86.Build.0 = Debug|x86
		{2A518631-5A16-474F-9BF5-4498E51DC377}.Debug|x86.Deploy.0 = Debug|x86
		{2A518631-5A16-474F-9BF5-4498E51DC377}.Release|Any CPU.ActiveCfg = Release|x86
		{2A518631-5A16-474F-9BF5-4498E51DC377}.Release|ARM.ActiveCfg = Release|ARM
		{2A518631-5A16-474F-9BF5-4498E51DC377}.Release|ARM.Build.0 = Release|ARM
		{2A518631-5A16-474F-9BF5-4498E51DC377}.Release|ARM.Deploy.0 = Release|ARM
		{2A518631-5A16-474F-9BF5-4498E51DC377}.Release|x64.ActiveCfg = Release|x64
		{2A518631-5A16-474F-9BF5-4498E51DC377}.Release|x64.Build.0 = Release|x64
		{2A518631-5A16-474F-9BF5-4498E51DC377}.Release|x64.Deploy.0 = Release|x64
		{2A518631-5A16-474F-9BF5-4498E51DC377}.Release|x86.ActiveCfg = Release|x86
		{2A518631-5A16-474F-9BF5-4498E51DC377}.Release|x86.Build.0 = Release|x86
		{2A518631-5A16-474F-9BF5-4498E51DC377}.Release|x86.Deploy.0 = Release|x86
	EndGlobalSection
	GlobalSection(SolutionProperties) = preSolution
		HideSolutionNode = FALSE
	EndGlobalSection
	GlobalSection(ExtensibilityGlobals) = postSolution
		SolutionGuid = {1977FAAF-DBF4-4723-A2B6-B8C12C810D3D}
	EndGlobalSection
EndGlobal
